
Microsoft Visual Studio Solution File, Format Version 12.00
# Visual Studio Version 17
VisualStudioVersion = 17.9.34616.47
MinimumVisualStudioVersion = 10.0.40219.1
Project("{8BC9CEB8-8B4A-11D0-8D11-00A0C91BC942}") = "iofile", "iofile\iofile.vcxproj", "{6CB953A1-C38D-4ABA-837B-1F3A5012F9CD}"
EndProject
Project("{8BC9CEB8-8B4A-11D0-8D11-00A0C91BC942}") = "ioFileWithPath", "ioFileWithPath\ioFileWithPath.vcxproj", "{704684FE-4507-46E4-8589-CB4C0DB2F643}"
EndProject
Project("{8BC9CEB8-8B4A-11D0-8D11-00A0C91BC942}") = "exceptionStandard", "exceptionStandard\exceptionStandard.vcxproj", "{BA8EC0AD-2FF3-4B85-8974-7D5D62C4B24F}"
EndProject
Project("{8BC9CEB8-8B4A-11D0-8D11-00A0C91BC942}") = "manualexception", "manualexception\manualexception.vcxproj", "{3C73A601-0FD1-4149-9957-452B80B3FDFF}"
EndProject
Global
	GlobalSection(SolutionConfigurationPlatforms) = preSolution
		Debug|x64 = Debug|x64
		Debug|x86 = Debug|x86
		Release|x64 = Release|x64
		Release|x86 = Release|x86
	EndGlobalSection
	GlobalSection(ProjectConfigurationPlatforms) = postSolution
		{6CB953A1-C38D-4ABA-837B-1F3A5012F9CD}.Debug|x64.ActiveCfg = Debug|x64
		{6CB953A1-C38D-4ABA-837B-1F3A5012F9CD}.Debug|x64.Build.0 = Debug|x64
		{6CB953A1-C38D-4ABA-837B-1F3A5012F9CD}.Debug|x86.ActiveCfg = Debug|Win32
		{6CB953A1-C38D-4ABA-837B-1F3A5012F9CD}.Debug|x86.Build.0 = Debug|Win32
		{6CB953A1-C38D-4ABA-837B-1F3A5012F9CD}.Release|x64.ActiveCfg = Release|x64
		{6CB953A1-C38D-4ABA-837B-1F3A5012F9CD}.Release|x64.Build.0 = Release|x64
		{6CB953A1-C38D-4ABA-837B-1F3A5012F9CD}.Release|x86.ActiveCfg = Release|Win32
		{6CB953A1-C38D-4ABA-837B-1F3A5012F9CD}.Release|x86.Build.0 = Release|Win32
		{704684FE-4507-46E4-8589-CB4C0DB2F643}.Debug|x64.ActiveCfg = Debug|x64
		{704684FE-4507-46E4-8589-CB4C0DB2F643}.Debug|x64.Build.0 = Debug|x64
		{704684FE-4507-46E4-8589-CB4C0DB2F643}.Debug|x86.ActiveCfg = Debug|Win32
		{704684FE-4507-46E4-8589-CB4C0DB2F643}.Debug|x86.Build.0 = Debug|Win32
		{704684FE-4507-46E4-8589-CB4C0DB2F643}.Release|x64.ActiveCfg = Release|x64
		{704684FE-4507-46E4-8589-CB4C0DB2F643}.Release|x64.Build.0 = Release|x64
		{704684FE-4507-46E4-8589-CB4C0DB2F643}.Release|x86.ActiveCfg = Release|Win32
		{704684FE-4507-46E4-8589-CB4C0DB2F643}.Release|x86.Build.0 = Release|Win32
		{BA8EC0AD-2FF3-4B85-8974-7D5D62C4B24F}.Debug|x64.ActiveCfg = Debug|x64
		{BA8EC0AD-2FF3-4B85-8974-7D5D62C4B24F}.Debug|x64.Build.0 = Debug|x64
		{BA8EC0AD-2FF3-4B85-8974-7D5D62C4B24F}.Debug|x86.ActiveCfg = Debug|Win32
		{BA8EC0AD-2FF3-4B85-8974-7D5D62C4B24F}.Debug|x86.Build.0 = Debug|Win32
		{BA8EC0AD-2FF3-4B85-8974-7D5D62C4B24F}.Release|x64.ActiveCfg = Release|x64
		{BA8EC0AD-2FF3-4B85-8974-7D5D62C4B24F}.Release|x64.Build.0 = Release|x64
		{BA8EC0AD-2FF3-4B85-8974-7D5D62C4B24F}.Release|x86.ActiveCfg = Release|Win32
		{BA8EC0AD-2FF3-4B85-8974-7D5D62C4B24F}.Release|x86.Build.0 = Release|Win32
		{3C73A601-0FD1-4149-9957-452B80B3FDFF}.Debug|x64.ActiveCfg = Debug|x64
		{3C73A601-0FD1-4149-9957-452B80B3FDFF}.Debug|x64.Build.0 = Debug|x64
		{3C73A601-0FD1-4149-9957-452B80B3FDFF}.Debug|x86.ActiveCfg = Debug|Win32
		{3C73A601-0FD1-4149-9957-452B80B3FDFF}.Debug|x86.Build.0 = Debug|Win32
		{3C73A601-0FD1-4149-9957-452B80B3FDFF}.Release|x64.ActiveCfg = Release|x64
		{3C73A601-0FD1-4149-9957-452B80B3FDFF}.Release|x64.Build.0 = Release|x64
		{3C73A601-0FD1-4149-9957-452B80B3FDFF}.Release|x86.ActiveCfg = Release|Win32
		{3C73A601-0FD1-4149-9957-452B80B3FDFF}.Release|x86.Build.0 = Release|Win32
	EndGlobalSection
	GlobalSection(SolutionProperties) = preSolution
		HideSolutionNode = FALSE
	EndGlobalSection
	GlobalSection(ExtensibilityGlobals) = postSolution
		SolutionGuid = {4883B8AE-129E-4992-A746-4D00FA53E355}
	EndGlobalSection
EndGlobal
